Microsoft Visual Studio Solution File, Format Version 11.00
# Visual Studio 2008

Project("{4F956747-E34A-9B8A-D7AC-7FF6158D4A40}") = "Cardinal Tides", "Assembly-CSharp.csproj", "{91CF6BDF-8B2D-3705-3FEA-D2FFCD5A8BF9}"
EndProject
Project("{4F956747-E34A-9B8A-D7AC-7FF6158D4A40}") = "Cardinal Tides", "Assembly-CSharp-Editor.csproj", "{B37046A8-4937-2531-4B26-73B568ED6B76}"
EndProject
Project("{4F956747-E34A-9B8A-D7AC-7FF6158D4A40}") = "Cardinal Tides", "Assembly-UnityScript.unityproj", "{FE0D5048-3617-6A70-ED01-0E92CB1D71A8}"
EndProject
Global
	GlobalSection(SolutionConfigurationPlatforms) = preSolution
		Debug|Any CPU = Debug|Any CPU
		Release|Any CPU = Release|Any CPU
	EndGlobalSection
	GlobalSection(ProjectConfigurationPlatforms) = postSolution
		{91CF6BDF-8B2D-3705-3FEA-D2FFCD5A8BF9}.Debug|Any CPU.ActiveCfg = Debug|Any CPU
		{91CF6BDF-8B2D-3705-3FEA-D2FFCD5A8BF9}.Debug|Any CPU.Build.0 = Debug|Any CPU
		{91CF6BDF-8B2D-3705-3FEA-D2FFCD5A8BF9}.Release|Any CPU.ActiveCfg = Release|Any CPU
		{91CF6BDF-8B2D-3705-3FEA-D2FFCD5A8BF9}.Release|Any CPU.Build.0 = Release|Any CPU
		{B37046A8-4937-2531-4B26-73B568ED6B76}.Debug|Any CPU.ActiveCfg = Debug|Any CPU
		{B37046A8-4937-2531-4B26-73B568ED6B76}.Debug|Any CPU.Build.0 = Debug|Any CPU
		{B37046A8-4937-2531-4B26-73B568ED6B76}.Release|Any CPU.ActiveCfg = Release|Any CPU
		{B37046A8-4937-2531-4B26-73B568ED6B76}.Release|Any CPU.Build.0 = Release|Any CPU
		{FE0D5048-3617-6A70-ED01-0E92CB1D71A8}.Debug|Any CPU.ActiveCfg = Debug|Any CPU
		{FE0D5048-3617-6A70-ED01-0E92CB1D71A8}.Debug|Any CPU.Build.0 = Debug|Any CPU
		{FE0D5048-3617-6A70-ED01-0E92CB1D71A8}.Release|Any CPU.ActiveCfg = Release|Any CPU
		{FE0D5048-3617-6A70-ED01-0E92CB1D71A8}.Release|Any CPU.Build.0 = Release|Any CPU
	EndGlobalSection
	GlobalSection(SolutionProperties) = preSolution
		HideSolutionNode = FALSE
	EndGlobalSection
																GlobalSection(MonoDevelopProperties) = preSolution
		StartupItem = Assembly-CSharp.csproj
		Policies = $0
		$0.TextStylePolicy = $1
		$1.inheritsSet = null
		$1.scope = text/x-csharp
		$0.CSharpFormattingPolicy = $2
		$2.inheritsSet = Mono
		$2.inheritsScope = text/x-csharp
		$2.scope = text/x-csharp
		$0.TextStylePolicy = $3
		$3.FileWidth = 120
		$3.TabWidth = 4
		$3.EolMarker = Unix
		$3.inheritsSet = Mono
		$3.inheritsScope = text/plain
		$3.scope = text/plain
	EndGlobalSection

EndGlobal
